
Microsoft Visual Studio Solution File, Format Version 12.00
# Visual Studio Version 17
VisualStudioVersion = 17.9.34728.123
MinimumVisualStudioVersion = 10.0.40219.1
Project("{FAE04EC0-301F-11D3-BF4B-00C04F79EFBC}") = "SistemaVentasAPI", "SistemaVentasAPI\SistemaVentasAPI.csproj", "{B38F914E-B5BD-4B8A-9297-662E7B1B7847}"
EndProject
Global
	GlobalSection(SolutionConfigurationPlatforms) = preSolution
		Debug|Any CPU = Debug|Any CPU
		Release|Any CPU = Release|Any CPU
	EndGlobalSection
	GlobalSection(ProjectConfigurationPlatforms) = postSolution
		{B38F914E-B5BD-4B8A-9297-662E7B1B7847}.Debug|Any CPU.ActiveCfg = Debug|Any CPU
		{B38F914E-B5BD-4B8A-9297-662E7B1B7847}.Debug|Any CPU.Build.0 = Debug|Any CPU
		{B38F914E-B5BD-4B8A-9297-662E7B1B7847}.Release|Any CPU.ActiveCfg = Release|Any CPU
		{B38F914E-B5BD-4B8A-9297-662E7B1B7847}.Release|Any CPU.Build.0 = Release|Any CPU
	EndGlobalSection
	GlobalSection(SolutionProperties) = preSolution
		HideSolutionNode = FALSE
	EndGlobalSection
	GlobalSection(ExtensibilityGlobals) = postSolution
		SolutionGuid = {C7C08C1E-FFA2-4315-9657-E8FB909ED431}
	EndGlobalSection
EndGlobal
